
Microsoft Visual Studio Solution File, Format Version 12.00
# Visual Studio Version 17
VisualStudioVersion = 17.5.33516.290
MinimumVisualStudioVersion = 10.0.40219.1
Project("{FAE04EC0-301F-11D3-BF4B-00C04F79EFBC}") = "Jobportalproject", "Jobportalproject\Jobportalproject.csproj", "{676B6978-A908-4BAB-96FD-BDE3E8419680}"
EndProject
Global
	GlobalSection(SolutionConfigurationPlatforms) = preSolution
		Debug|Any CPU = Debug|Any CPU
		Release|Any CPU = Release|Any CPU
	EndGlobalSection
	GlobalSection(ProjectConfigurationPlatforms) = postSolution
		{676B6978-A908-4BAB-96FD-BDE3E8419680}.Debug|Any CPU.ActiveCfg = Debug|Any CPU
		{676B6978-A908-4BAB-96FD-BDE3E8419680}.Debug|Any CPU.Build.0 = Debug|Any CPU
		{676B6978-A908-4BAB-96FD-BDE3E8419680}.Release|Any CPU.ActiveCfg = Release|Any CPU
		{676B6978-A908-4BAB-96FD-BDE3E8419680}.Release|Any CPU.Build.0 = Release|Any CPU
	EndGlobalSection
	GlobalSection(SolutionProperties) = preSolution
		HideSolutionNode = FALSE
	EndGlobalSection
	GlobalSection(ExtensibilityGlobals) = postSolution
		SolutionGuid = {E10D1578-7B85-46A7-9638-1EF3C8612598}
	EndGlobalSection
EndGlobal
